
Microsoft Visual Studio Solution File, Format Version 11.00
# Visual Studio 2010
Project("{8BC9CEB8-8B4A-11D0-8D11-00A0C91BC942}") = "sunflower", "sunflower\sunflower.vcxproj", "{186B2E95-F9D5-4297-98C5-98F1679BEB3D}"
	ProjectSection(ProjectDependencies) = postProject
		{0CD4F316-D5B0-4EAE-BB35-419AEAE77606} = {0CD4F316-D5B0-4EAE-BB35-419AEAE77606}
		{90A2C440-8204-4206-B8B6-0A3947A37852} = {90A2C440-8204-4206-B8B6-0A3947A37852}
		{0E4D8E53-EEB8-41FB-81ED-F59918C33634} = {0E4D8E53-EEB8-41FB-81ED-F59918C33634}
		{7A1EED83-C2BF-4AE8-B5C7-2C304B99760B} = {7A1EED83-C2BF-4AE8-B5C7-2C304B99760B}
		{5C56C086-1D8A-48AA-9C38-A0EA72F047EA} = {5C56C086-1D8A-48AA-9C38-A0EA72F047EA}
		{EB5850D5-F7E0-479D-8545-8503387906A1} = {EB5850D5-F7E0-479D-8545-8503387906A1}
	EndProjectSection
EndProject
Project("{8BC9CEB8-8B4A-11D0-8D11-00A0C91BC942}") = "GISToolDlg", "GISToolDlg\GISToolDlg\GISToolDlg.vcxproj", "{7A1EED83-C2BF-4AE8-B5C7-2C304B99760B}"
EndProject
Project("{8BC9CEB8-8B4A-11D0-8D11-00A0C91BC942}") = "GISToolDlg2", "GISToolDlg2\GISToolDlg2\GISToolDlg2.vcxproj", "{EB5850D5-F7E0-479D-8545-8503387906A1}"
EndProject
Project("{8BC9CEB8-8B4A-11D0-8D11-00A0C91BC942}") = "GISToolDlg1", "GISToolDlg1\GISToolDlg1\GISToolDlg1.vcxproj", "{0E4D8E53-EEB8-41FB-81ED-F59918C33634}"
EndProject
Project("{8BC9CEB8-8B4A-11D0-8D11-00A0C91BC942}") = "GISToolDlg3", "GISToolDlg3\GISToolDlg3\GISToolDlg3.vcxproj", "{5C56C086-1D8A-48AA-9C38-A0EA72F047EA}"
EndProject
Project("{8BC9CEB8-8B4A-11D0-8D11-00A0C91BC942}") = "GISToolDlg4", "GISToolDlg4\GISToolDlg4\GISToolDlg4.vcxproj", "{0CD4F316-D5B0-4EAE-BB35-419AEAE77606}"
EndProject
Project("{8BC9CEB8-8B4A-11D0-8D11-00A0C91BC942}") = "GISToolDlg5", "GISToolDlg5\GISToolDlg5\GISToolDlg5.vcxproj", "{90A2C440-8204-4206-B8B6-0A3947A37852}"
EndProject
Global
	GlobalSection(SolutionConfigurationPlatforms) = preSolution
		Debug|Win32 = Debug|Win32
		Release|Win32 = Release|Win32
	EndGlobalSection
	GlobalSection(ProjectConfigurationPlatforms) = postSolution
		{186B2E95-F9D5-4297-98C5-98F1679BEB3D}.Debug|Win32.ActiveCfg = Debug|Win32
		{186B2E95-F9D5-4297-98C5-98F1679BEB3D}.Debug|Win32.Build.0 = Debug|Win32
		{186B2E95-F9D5-4297-98C5-98F1679BEB3D}.Release|Win32.ActiveCfg = Release|Win32
		{186B2E95-F9D5-4297-98C5-98F1679BEB3D}.Release|Win32.Build.0 = Release|Win32
		{7A1EED83-C2BF-4AE8-B5C7-2C304B99760B}.Debug|Win32.ActiveCfg = Debug|Win32
		{7A1EED83-C2BF-4AE8-B5C7-2C304B99760B}.Debug|Win32.Build.0 = Debug|Win32
		{7A1EED83-C2BF-4AE8-B5C7-2C304B99760B}.Release|Win32.ActiveCfg = Release|Win32
		{7A1EED83-C2BF-4AE8-B5C7-2C304B99760B}.Release|Win32.Build.0 = Release|Win32
		{EB5850D5-F7E0-479D-8545-8503387906A1}.Debug|Win32.ActiveCfg = Debug|Win32
		{EB5850D5-F7E0-479D-8545-8503387906A1}.Debug|Win32.Build.0 = Debug|Win32
		{EB5850D5-F7E0-479D-8545-8503387906A1}.Release|Win32.ActiveCfg = Release|Win32
		{EB5850D5-F7E0-479D-8545-8503387906A1}.Release|Win32.Build.0 = Release|Win32
		{0E4D8E53-EEB8-41FB-81ED-F59918C33634}.Debug|Win32.ActiveCfg = Debug|Win32
		{0E4D8E53-EEB8-41FB-81ED-F59918C33634}.Debug|Win32.Build.0 = Debug|Win32
		{0E4D8E53-EEB8-41FB-81ED-F59918C33634}.Release|Win32.ActiveCfg = Release|Win32
		{0E4D8E53-EEB8-41FB-81ED-F59918C33634}.Release|Win32.Build.0 = Release|Win32
		{5C56C086-1D8A-48AA-9C38-A0EA72F047EA}.Debug|Win32.ActiveCfg = Debug|Win32
		{5C56C086-1D8A-48AA-9C38-A0EA72F047EA}.Debug|Win32.Build.0 = Debug|Win32
		{5C56C086-1D8A-48AA-9C38-A0EA72F047EA}.Release|Win32.ActiveCfg = Release|Win32
		{5C56C086-1D8A-48AA-9C38-A0EA72F047EA}.Release|Win32.Build.0 = Release|Win32
		{0CD4F316-D5B0-4EAE-BB35-419AEAE77606}.Debug|Win32.ActiveCfg = Debug|Win32
		{0CD4F316-D5B0-4EAE-BB35-419AEAE77606}.Debug|Win32.Build.0 = Debug|Win32
		{0CD4F316-D5B0-4EAE-BB35-419AEAE77606}.Release|Win32.ActiveCfg = Release|Win32
		{0CD4F316-D5B0-4EAE-BB35-419AEAE77606}.Release|Win32.Build.0 = Release|Win32
		{90A2C440-8204-4206-B8B6-0A3947A37852}.Debug|Win32.ActiveCfg = Debug|Win32
		{90A2C440-8204-4206-B8B6-0A3947A37852}.Debug|Win32.Build.0 = Debug|Win32
		{90A2C440-8204-4206-B8B6-0A3947A37852}.Release|Win32.ActiveCfg = Release|Win32
		{90A2C440-8204-4206-B8B6-0A3947A37852}.Release|Win32.Build.0 = Release|Win32
	EndGlobalSection
	GlobalSection(SolutionProperties) = preSolution
		HideSolutionNode = FALSE
	EndGlobalSection
EndGlobal
