
Microsoft Visual Studio Solution File, Format Version 11.00
# Visual Studio 2010
Project("{8BC9CEB8-8B4A-11D0-8D11-00A0C91BC942}") = "GISToolDlg", "GISToolDlg\GISToolDlg.vcxproj", "{7A1EED83-C2BF-4AE8-B5C7-2C304B99760B}"
EndProject
Global
	GlobalSection(SolutionConfigurationPlatforms) = preSolution
		Debug|Win32 = Debug|Win32
		Release|Win32 = Release|Win32
	EndGlobalSection
	GlobalSection(ProjectConfigurationPlatforms) = postSolution
		{7A1EED83-C2BF-4AE8-B5C7-2C304B99760B}.Debug|Win32.ActiveCfg = Debug|Win32
		{7A1EED83-C2BF-4AE8-B5C7-2C304B99760B}.Debug|Win32.Build.0 = Debug|Win32
		{7A1EED83-C2BF-4AE8-B5C7-2C304B99760B}.Release|Win32.ActiveCfg = Release|Win32
		{7A1EED83-C2BF-4AE8-B5C7-2C304B99760B}.Release|Win32.Build.0 = Release|Win32
	EndGlobalSection
	GlobalSection(SolutionProperties) = preSolution
		HideSolutionNode = FALSE
	EndGlobalSection
EndGlobal
